// !$*UTF8*$!
{
	archiveVersion = 1;
	classes = {
	};
	objectVersion = 55;
	objects = {

/* Begin PBXBuildFile section */
		3F44C5FF2891693900A484F4 /* makanapaApp.swift in Sources */ = {isa = PBXBuildFile; fileRef = 3F44C5FE2891693900A484F4 /* makanapaApp.swift */; };
		3F44C6012891693900A484F4 /* MainView.swift in Sources */ = {isa = PBXBuildFile; fileRef = 3F44C6002891693900A484F4 /* MainView.swift */; };
		3F44C6032891693D00A484F4 /* Assets.xcassets in Resources */ = {isa = PBXBuildFile; fileRef = 3F44C6022891693D00A484F4 /* Assets.xcassets */; };
		3F44C6062891693D00A484F4 /* Preview Assets.xcassets in Resources */ = {isa = PBXBuildFile; fileRef = 3F44C6052891693D00A484F4 /* Preview Assets.xcassets */; };
		3F44C60E28916ED800A484F4 /* Dimensions.swift in Sources */ = {isa = PBXBuildFile; fileRef = 3F44C60D28916ED800A484F4 /* Dimensions.swift */; };
		3F44C61028916F5F00A484F4 /* Images.swift in Sources */ = {isa = PBXBuildFile; fileRef = 3F44C60F28916F5F00A484F4 /* Images.swift */; };
		3F44C6152891751E00A484F4 /* ScreenDimensions.swift in Sources */ = {isa = PBXBuildFile; fileRef = 3F44C6142891751E00A484F4 /* ScreenDimensions.swift */; };
		3F44C6172891775500A484F4 /* Colors.swift in Sources */ = {isa = PBXBuildFile; fileRef = 3F44C6162891775500A484F4 /* Colors.swift */; };
		3F44C61A2891788400A484F4 /* PrimaryButtonStyle.swift in Sources */ = {isa = PBXBuildFile; fileRef = 3F44C6192891788400A484F4 /* PrimaryButtonStyle.swift */; };
		3F44C61F2891801E00A484F4 /* FoodResultView.swift in Sources */ = {isa = PBXBuildFile; fileRef = 3F44C61E2891801E00A484F4 /* FoodResultView.swift */; };
		3F44C62828918D2A00A484F4 /* BottomSheet in Frameworks */ = {isa = PBXBuildFile; productRef = 3F44C62728918D2A00A484F4 /* BottomSheet */; };
/* End PBXBuildFile section */

/* Begin PBXFileReference section */
		3F44C5FB2891693900A484F4 /* makanapa.app */ = {isa = PBXFileReference; explicitFileType = wrapper.application; includeInIndex = 0; path = makanapa.app; sourceTree = BUILT_PRODUCTS_DIR; };
		3F44C5FE2891693900A484F4 /* makanapaApp.swift */ = {isa = PBXFileReference; lastKnownFileType = sourcecode.swift; path = makanapaApp.swift; sourceTree = "<group>"; };
		3F44C6002891693900A484F4 /* MainView.swift */ = {isa = PBXFileReference; lastKnownFileType = sourcecode.swift; path = MainView.swift; sourceTree = "<group>"; };
		3F44C6022891693D00A484F4 /* Assets.xcassets */ = {isa = PBXFileReference; lastKnownFileType = folder.assetcatalog; path = Assets.xcassets; sourceTree = "<group>"; };
		3F44C6052891693D00A484F4 /* Preview Assets.xcassets */ = {isa = PBXFileReference; lastKnownFileType = folder.assetcatalog; path = "Preview Assets.xcassets"; sourceTree = "<group>"; };
		3F44C60D28916ED800A484F4 /* Dimensions.swift */ = {isa = PBXFileReference; lastKnownFileType = sourcecode.swift; path = Dimensions.swift; sourceTree = "<group>"; };
		3F44C60F28916F5F00A484F4 /* Images.swift */ = {isa = PBXFileReference; lastKnownFileType = sourcecode.swift; path = Images.swift; sourceTree = "<group>"; };
		3F44C6142891751E00A484F4 /* ScreenDimensions.swift */ = {isa = PBXFileReference; lastKnownFileType = sourcecode.swift; path = ScreenDimensions.swift; sourceTree = "<group>"; };
		3F44C6162891775500A484F4 /* Colors.swift */ = {isa = PBXFileReference; lastKnownFileType = sourcecode.swift; path = Colors.swift; sourceTree = "<group>"; };
		3F44C6192891788400A484F4 /* PrimaryButtonStyle.swift */ = {isa = PBXFileReference; lastKnownFileType = sourcecode.swift; path = PrimaryButtonStyle.swift; sourceTree = "<group>"; };
		3F44C61E2891801E00A484F4 /* FoodResultView.swift */ = {isa = PBXFileReference; lastKnownFileType = sourcecode.swift; path = FoodResultView.swift; sourceTree = "<group>"; };
/* End PBXFileReference section */

/* Begin PBXFrameworksBuildPhase section */
		3F44C5F82891693900A484F4 /* Frameworks */ = {
			isa = PBXFrameworksBuildPhase;
			buildActionMask = 2147483647;
			files = (
				3F44C62828918D2A00A484F4 /* BottomSheet in Frameworks */,
			);
			runOnlyForDeploymentPostprocessing = 0;
		};
/* End PBXFrameworksBuildPhase section */

/* Begin PBXGroup section */
		3F44C5F22891693900A484F4 = {
			isa = PBXGroup;
			children = (
				3F44C5FD2891693900A484F4 /* makanapa */,
				3F44C5FC2891693900A484F4 /* Products */,
			);
			sourceTree = "<group>";
		};
		3F44C5FC2891693900A484F4 /* Products */ = {
			isa = PBXGroup;
			children = (
				3F44C5FB2891693900A484F4 /* makanapa.app */,
			);
			name = Products;
			sourceTree = "<group>";
		};
		3F44C5FD2891693900A484F4 /* makanapa */ = {
			isa = PBXGroup;
			children = (
				3F44C623289185E700A484F4 /* Enums */,
				3F44C61B28917D4300A484F4 /* Views */,
				3F44C6182891787600A484F4 /* Styles */,
				3F44C60C28916EC400A484F4 /* Resources */,
				3F44C5FE2891693900A484F4 /* makanapaApp.swift */,
				3F44C6022891693D00A484F4 /* Assets.xcassets */,
				3F44C6042891693D00A484F4 /* Preview Content */,
			);
			path = makanapa;
			sourceTree = "<group>";
		};
		3F44C6042891693D00A484F4 /* Preview Content */ = {
			isa = PBXGroup;
			children = (
				3F44C6052891693D00A484F4 /* Preview Assets.xcassets */,
			);
			path = "Preview Content";
			sourceTree = "<group>";
		};
		3F44C60C28916EC400A484F4 /* Resources */ = {
			isa = PBXGroup;
			children = (
				3F44C60D28916ED800A484F4 /* Dimensions.swift */,
				3F44C60F28916F5F00A484F4 /* Images.swift */,
				3F44C6142891751E00A484F4 /* ScreenDimensions.swift */,
				3F44C6162891775500A484F4 /* Colors.swift */,
			);
			path = Resources;
			sourceTree = "<group>";
		};
		3F44C6182891787600A484F4 /* Styles */ = {
			isa = PBXGroup;
			children = (
				3F44C6192891788400A484F4 /* PrimaryButtonStyle.swift */,
			);
			path = Styles;
			sourceTree = "<group>";
		};
		3F44C61B28917D4300A484F4 /* Views */ = {
			isa = PBXGroup;
			children = (
				3F44C6002891693900A484F4 /* MainView.swift */,
				3F44C61E2891801E00A484F4 /* FoodResultView.swift */,
			);
			path = Views;
			sourceTree = "<group>";
		};
		3F44C623289185E700A484F4 /* Enums */ = {
			isa = PBXGroup;
			children = (
			);
			path = Enums;
			sourceTree = "<group>";
		};
/* End PBXGroup section */

/* Begin PBXNativeTarget section */
		3F44C5FA2891693900A484F4 /* makanapa */ = {
			isa = PBXNativeTarget;
			buildConfigurationList = 3F44C6092891693D00A484F4 /* Build configuration list for PBXNativeTarget "makanapa" */;
			buildPhases = (
				3F44C5F72891693900A484F4 /* Sources */,
				3F44C5F82891693900A484F4 /* Frameworks */,
				3F44C5F92891693900A484F4 /* Resources */,
			);
			buildRules = (
			);
			dependencies = (
			);
			name = makanapa;
			packageProductDependencies = (
				3F44C62728918D2A00A484F4 /* BottomSheet */,
			);
			productName = makanapa;
			productReference = 3F44C5FB2891693900A484F4 /* makanapa.app */;
			productType = "com.apple.product-type.application";
		};
/* End PBXNativeTarget section */

/* Begin PBXProject section */
		3F44C5F32891693900A484F4 /* Project object */ = {
			isa = PBXProject;
			attributes = {
				BuildIndependentTargetsInParallel = 1;
				LastSwiftUpdateCheck = 1330;
				LastUpgradeCheck = 1330;
				TargetAttributes = {
					3F44C5FA2891693900A484F4 = {
						CreatedOnToolsVersion = 13.3;
					};
				};
			};
			buildConfigurationList = 3F44C5F62891693900A484F4 /* Build configuration list for PBXProject "makanapa" */;
			compatibilityVersion = "Xcode 13.0";
			developmentRegion = en;
			hasScannedForEncodings = 0;
			knownRegions = (
				en,
				Base,
			);
			mainGroup = 3F44C5F22891693900A484F4;
			packageReferences = (
				3F44C62628918D2A00A484F4 /* XCRemoteSwiftPackageReference "bottom-sheet" */,
			);
			productRefGroup = 3F44C5FC2891693900A484F4 /* Products */;
			projectDirPath = "";
			projectRoot = "";
			targets = (
				3F44C5FA2891693900A484F4 /* makanapa */,
			);
		};
/* End PBXProject section */

/* Begin PBXResourcesBuildPhase section */
		3F44C5F92891693900A484F4 /* Resources */ = {
			isa = PBXResourcesBuildPhase;
			buildActionMask = 2147483647;
			files = (
				3F44C6062891693D00A484F4 /* Preview Assets.xcassets in Resources */,
				3F44C6032891693D00A484F4 /* Assets.xcassets in Resources */,
			);
			runOnlyForDeploymentPostprocessing = 0;
		};
/* End PBXResourcesBuildPhase section */

/* Begin PBXSourcesBuildPhase section */
		3F44C5F72891693900A484F4 /* Sources */ = {
			isa = PBXSourcesBuildPhase;
			buildActionMask = 2147483647;
			files = (
				3F44C61A2891788400A484F4 /* PrimaryButtonStyle.swift in Sources */,
				3F44C6152891751E00A484F4 /* ScreenDimensions.swift in Sources */,
				3F44C6172891775500A484F4 /* Colors.swift in Sources */,
				3F44C6012891693900A484F4 /* MainView.swift in Sources */,
				3F44C61F2891801E00A484F4 /* FoodResultView.swift in Sources */,
				3F44C61028916F5F00A484F4 /* Images.swift in Sources */,
				3F44C5FF2891693900A484F4 /* makanapaApp.swift in Sources */,
				3F44C60E28916ED800A484F4 /* Dimensions.swift in Sources */,
			);
			runOnlyForDeploymentPostprocessing = 0;
		};
/* End PBXSourcesBuildPhase section */

/* Begin XCBuildConfiguration section */
		3F44C6072891693D00A484F4 /* Debug */ = {
			isa = XCBuildConfiguration;
			buildSettings = {
				ALWAYS_SEARCH_USER_PATHS = NO;
				CLANG_ANALYZER_NONNULL = YES;
				CLANG_ANALYZER_NUMBER_OBJECT_CONVERSION = YES_AGGRESSIVE;
				CLANG_CXX_LANGUAGE_STANDARD = "gnu++17";
				CLANG_ENABLE_MODULES = YES;
				CLANG_ENABLE_OBJC_ARC = YES;
				CLANG_ENABLE_OBJC_WEAK = YES;
				CLANG_WARN_BLOCK_CAPTURE_AUTORELEASING = YES;
				CLANG_WARN_BOOL_CONVERSION = YES;
				CLANG_WARN_COMMA = YES;
				CLANG_WARN_CONSTANT_CONVERSION = YES;
				CLANG_WARN_DEPRECATED_OBJC_IMPLEMENTATIONS = YES;
				CLANG_WARN_DIRECT_OBJC_ISA_USAGE = YES_ERROR;
				CLANG_WARN_DOCUMENTATION_COMMENTS = YES;
				CLANG_WARN_EMPTY_BODY = YES;
				CLANG_WARN_ENUM_CONVERSION = YES;
				CLANG_WARN_INFINITE_RECURSION = YES;
				CLANG_WARN_INT_CONVERSION = YES;
				CLANG_WARN_NON_LITERAL_NULL_CONVERSION = YES;
				CLANG_WARN_OBJC_IMPLICIT_RETAIN_SELF = YES;
				CLANG_WARN_OBJC_LITERAL_CONVERSION = YES;
				CLANG_WARN_OBJC_ROOT_CLASS = YES_ERROR;
				CLANG_WARN_QUOTED_INCLUDE_IN_FRAMEWORK_HEADER = YES;
				CLANG_WARN_RANGE_LOOP_ANALYSIS = YES;
				CLANG_WARN_STRICT_PROTOTYPES = YES;
				CLANG_WARN_SUSPICIOUS_MOVE = YES;
				CLANG_WARN_UNGUARDED_AVAILABILITY = YES_AGGRESSIVE;
				CLANG_WARN_UNREACHABLE_CODE = YES;
				CLANG_WARN__DUPLICATE_METHOD_MATCH = YES;
				COPY_PHASE_STRIP = NO;
				DEBUG_INFORMATION_FORMAT = dwarf;
				ENABLE_STRICT_OBJC_MSGSEND = YES;
				ENABLE_TESTABILITY = YES;
				GCC_C_LANGUAGE_STANDARD = gnu11;
				GCC_DYNAMIC_NO_PIC = NO;
				GCC_NO_COMMON_BLOCKS = YES;
				GCC_OPTIMIZATION_LEVEL = 0;
				GCC_PREPROCESSOR_DEFINITIONS = (
					"DEBUG=1",
					"$(inherited)",
				);
				GCC_WARN_64_TO_32_BIT_CONVERSION = YES;
				GCC_WARN_ABOUT_RETURN_TYPE = YES_ERROR;
				GCC_WARN_UNDECLARED_SELECTOR = YES;
				GCC_WARN_UNINITIALIZED_AUTOS = YES_AGGRESSIVE;
				GCC_WARN_UNUSED_FUNCTION = YES;
				GCC_WARN_UNUSED_VARIABLE = YES;
				IPHONEOS_DEPLOYMENT_TARGET = 15.4;
				MTL_ENABLE_DEBUG_INFO = INCLUDE_SOURCE;
				MTL_FAST_MATH = YES;
				ONLY_ACTIVE_ARCH = YES;
				SDKROOT = iphoneos;
				SWIFT_ACTIVE_COMPILATION_CONDITIONS = DEBUG;
				SWIFT_OPTIMIZATION_LEVEL = "-Onone";
			};
			name = Debug;
		};
		3F44C6082891693D00A484F4 /* Release */ = {
			isa = XCBuildConfiguration;
			buildSettings = {
				ALWAYS_SEARCH_USER_PATHS = NO;
				CLANG_ANALYZER_NONNULL = YES;
				CLANG_ANALYZER_NUMBER_OBJECT_CONVERSION = YES_AGGRESSIVE;
				CLANG_CXX_LANGUAGE_STANDARD = "gnu++17";
				CLANG_ENABLE_MODULES = YES;
				CLANG_ENABLE_OBJC_ARC = YES;
				CLANG_ENABLE_OBJC_WEAK = YES;
				CLANG_WARN_BLOCK_CAPTURE_AUTORELEASING = YES;
				CLANG_WARN_BOOL_CONVERSION = YES;
				CLANG_WARN_COMMA = YES;
				CLANG_WARN_CONSTANT_CONVERSION = YES;
				CLANG_WARN_DEPRECATED_OBJC_IMPLEMENTATIONS = YES;
				CLANG_WARN_DIRECT_OBJC_ISA_USAGE = YES_ERROR;
				CLANG_WARN_DOCUMENTATION_COMMENTS = YES;
				CLANG_WARN_EMPTY_BODY = YES;
				CLANG_WARN_ENUM_CONVERSION = YES;
				CLANG_WARN_INFINITE_RECURSION = YES;
				CLANG_WARN_INT_CONVERSION = YES;
				CLANG_WARN_NON_LITERAL_NULL_CONVERSION = YES;
				CLANG_WARN_OBJC_IMPLICIT_RETAIN_SELF = YES;
				CLANG_WARN_OBJC_LITERAL_CONVERSION = YES;
				CLANG_WARN_OBJC_ROOT_CLASS = YES_ERROR;
				CLANG_WARN_QUOTED_INCLUDE_IN_FRAMEWORK_HEADER = YES;
				CLANG_WARN_RANGE_LOOP_ANALYSIS = YES;
				CLANG_WARN_STRICT_PROTOTYPES = YES;
				CLANG_WARN_SUSPICIOUS_MOVE = YES;
				CLANG_WARN_UNGUARDED_AVAILABILITY = YES_AGGRESSIVE;
				CLANG_WARN_UNREACHABLE_CODE = YES;
				CLANG_WARN__DUPLICATE_METHOD_MATCH = YES;
				COPY_PHASE_STRIP = NO;
				DEBUG_INFORMATION_FORMAT = "dwarf-with-dsym";
				ENABLE_NS_ASSERTIONS = NO;
				ENABLE_STRICT_OBJC_MSGSEND = YES;
				GCC_C_LANGUAGE_STANDARD = gnu11;
				GCC_NO_COMMON_BLOCKS = YES;
				GCC_WARN_64_TO_32_BIT_CONVERSION = YES;
				GCC_WARN_ABOUT_RETURN_TYPE = YES_ERROR;
				GCC_WARN_UNDECLARED_SELECTOR = YES;
				GCC_WARN_UNINITIALIZED_AUTOS = YES_AGGRESSIVE;
				GCC_WARN_UNUSED_FUNCTION = YES;
				GCC_WARN_UNUSED_VARIABLE = YES;
				IPHONEOS_DEPLOYMENT_TARGET = 15.4;
				MTL_ENABLE_DEBUG_INFO = NO;
				MTL_FAST_MATH = YES;
				SDKROOT = iphoneos;
				SWIFT_COMPILATION_MODE = wholemodule;
				SWIFT_OPTIMIZATION_LEVEL = "-O";
				VALIDATE_PRODUCT = YES;
			};
			name = Release;
		};
		3F44C60A2891693D00A484F4 /* Debug */ = {
			isa = XCBuildConfiguration;
			buildSettings = {
				ASSETCATALOG_COMPILER_APPICON_NAME = AppIcon;
				ASSETCATALOG_COMPILER_GLOBAL_ACCENT_COLOR_NAME = AccentColor;
				CODE_SIGN_STYLE = Automatic;
				CURRENT_PROJECT_VERSION = 1;
				DEVELOPMENT_ASSET_PATHS = "\"makanapa/Preview Content\"";
				DEVELOPMENT_TEAM = F2ASK9423W;
				ENABLE_PREVIEWS = YES;
				GENERATE_INFOPLIST_FILE = YES;
				INFOPLIST_KEY_UIApplicationSceneManifest_Generation = YES;
				INFOPLIST_KEY_UIApplicationSupportsIndirectInputEvents = YES;
				INFOPLIST_KEY_UILaunchScreen_Generation = YES;
				INFOPLIST_KEY_UISupportedInterfaceOrientations_iPad = "UIInterfaceOrientationPortrait UIInterfaceOrientationPortraitUpsideDown UIInterfaceOrientationLandscapeLeft UIInterfaceOrientationLandscapeRight";
				INFOPLIST_KEY_UISupportedInterfaceOrientations_iPhone = "UIInterfaceOrientationPortrait UIInterfaceOrientationLandscapeLeft UIInterfaceOrientationLandscapeRight";
				LD_RUNPATH_SEARCH_PATHS = (
					"$(inherited)",
					"@executable_path/Frameworks",
				);
				MARKETING_VERSION = 1.0;
				PRODUCT_BUNDLE_IDENTIFIER = com.appleacademy.galihlprakoso.makanapa;
				PRODUCT_NAME = "$(TARGET_NAME)";
				SWIFT_EMIT_LOC_STRINGS = YES;
				SWIFT_VERSION = 5.0;
				TARGETED_DEVICE_FAMILY = "1,2";
			};
			name = Debug;
		};
		3F44C60B2891693D00A484F4 /* Release */ = {
			isa = XCBuildConfiguration;
			buildSettings = {
				ASSETCATALOG_COMPILER_APPICON_NAME = AppIcon;
				ASSETCATALOG_COMPILER_GLOBAL_ACCENT_COLOR_NAME = AccentColor;
				CODE_SIGN_STYLE = Automatic;
				CURRENT_PROJECT_VERSION = 1;
				DEVELOPMENT_ASSET_PATHS = "\"makanapa/Preview Content\"";
				DEVELOPMENT_TEAM = F2ASK9423W;
				ENABLE_PREVIEWS = YES;
				GENERATE_INFOPLIST_FILE = YES;
				INFOPLIST_KEY_UIApplicationSceneManifest_Generation = YES;
				INFOPLIST_KEY_UIApplicationSupportsIndirectInputEvents = YES;
				INFOPLIST_KEY_UILaunchScreen_Generation = YES;
				INFOPLIST_KEY_UISupportedInterfaceOrientations_iPad = "UIInterfaceOrientationPortrait UIInterfaceOrientationPortraitUpsideDown UIInterfaceOrientationLandscapeLeft UIInterfaceOrientationLandscapeRight";
				INFOPLIST_KEY_UISupportedInterfaceOrientations_iPhone = "UIInterfaceOrientationPortrait UIInterfaceOrientationLandscapeLeft UIInterfaceOrientationLandscapeRight";
				LD_RUNPATH_SEARCH_PATHS = (
					"$(inherited)",
					"@executable_path/Frameworks",
				);
				MARKETING_VERSION = 1.0;
				PRODUCT_BUNDLE_IDENTIFIER = com.appleacademy.galihlprakoso.makanapa;
				PRODUCT_NAME = "$(TARGET_NAME)";
				SWIFT_EMIT_LOC_STRINGS = YES;
				SWIFT_VERSION = 5.0;
				TARGETED_DEVICE_FAMILY = "1,2";
			};
			name = Release;
		};
/* End XCBuildConfiguration section */

/* Begin XCConfigurationList section */
		3F44C5F62891693900A484F4 /* Build configuration list for PBXProject "makanapa" */ = {
			isa = XCConfigurationList;
			buildConfigurations = (
				3F44C6072891693D00A484F4 /* Debug */,
				3F44C6082891693D00A484F4 /* Release */,
			);
			defaultConfigurationIsVisible = 0;
			defaultConfigurationName = Release;
		};
		3F44C6092891693D00A484F4 /* Build configuration list for PBXNativeTarget "makanapa" */ = {
			isa = XCConfigurationList;
			buildConfigurations = (
				3F44C60A2891693D00A484F4 /* Debug */,
				3F44C60B2891693D00A484F4 /* Release */,
			);
			defaultConfigurationIsVisible = 0;
			defaultConfigurationName = Release;
		};
/* End XCConfigurationList section */

/* Begin XCRemoteSwiftPackageReference section */
		3F44C62628918D2A00A484F4 /* XCRemoteSwiftPackageReference "bottom-sheet" */ = {
			isa = XCRemoteSwiftPackageReference;
			repositoryURL = "https://github.com/weitieda/bottom-sheet";
			requirement = {
				kind = upToNextMajorVersion;
				minimumVersion = 1.0.0;
			};
		};
/* End XCRemoteSwiftPackageReference section */

/* Begin XCSwiftPackageProductDependency section */
		3F44C62728918D2A00A484F4 /* BottomSheet */ = {
			isa = XCSwiftPackageProductDependency;
			package = 3F44C62628918D2A00A484F4 /* XCRemoteSwiftPackageReference "bottom-sheet" */;
			productName = BottomSheet;
		};
/* End XCSwiftPackageProductDependency section */
	};
	rootObject = 3F44C5F32891693900A484F4 /* Project object */;
}
